// !$*UTF8*$!
{
	archiveVersion = 1;
	classes = {
	};
	objectVersion = 52;
	objects = {

/* Begin PBXBuildFile section */
		FADBA4E426049969008F672C /* AlertView.swift in Sources */ = {isa = PBXBuildFile; fileRef = FADBA4E326049969008F672C /* AlertView.swift */; };
		FADBA4E826049CCA008F672C /* CardView.swift in Sources */ = {isa = PBXBuildFile; fileRef = FADBA4E726049CCA008F672C /* CardView.swift */; };
		FADBA4ED26049EA3008F672C /* ProgressView.swift in Sources */ = {isa = PBXBuildFile; fileRef = FADBA4EC26049EA3008F672C /* ProgressView.swift */; };
		FADBA4F72604A45E008F672C /* README.md in Resources */ = {isa = PBXBuildFile; fileRef = FADBA4F62604A45E008F672C /* README.md */; };
		FADBA4FC2604A540008F672C /* LoadingState.swift in Sources */ = {isa = PBXBuildFile; fileRef = FADBA4FB2604A540008F672C /* LoadingState.swift */; };
		FAE87F8C2603774D005C5787 /* JokeFetcherApp.swift in Sources */ = {isa = PBXBuildFile; fileRef = FAE87F8B2603774D005C5787 /* JokeFetcherApp.swift */; };
		FAE87F8E2603774D005C5787 /* ContentView.swift in Sources */ = {isa = PBXBuildFile; fileRef = FAE87F8D2603774D005C5787 /* ContentView.swift */; };
		FAE87F902603774D005C5787 /* Assets.xcassets in Resources */ = {isa = PBXBuildFile; fileRef = FAE87F8F2603774D005C5787 /* Assets.xcassets */; };
		FAE87F932603774D005C5787 /* Preview Assets.xcassets in Resources */ = {isa = PBXBuildFile; fileRef = FAE87F922603774D005C5787 /* Preview Assets.xcassets */; };
		FAE87F9C26037766005C5787 /* Joke.swift in Sources */ = {isa = PBXBuildFile; fileRef = FAE87F9B26037766005C5787 /* Joke.swift */; };
		FAE87FA4260377E5005C5787 /* JokeFetcher.swift in Sources */ = {isa = PBXBuildFile; fileRef = FAE87FA3260377E5005C5787 /* JokeFetcher.swift */; };
		FAE87FA826037942005C5787 /* CombineExtensions in Frameworks */ = {isa = PBXBuildFile; productRef = FAE87FA726037942005C5787 /* CombineExtensions */; };
		FAE87FAB260382CA005C5787 /* URLSession-Resource.swift in Sources */ = {isa = PBXBuildFile; fileRef = FAE87FAA260382CA005C5787 /* URLSession-Resource.swift */; };
		FAE87FAF260384F9005C5787 /* URLRequest-Joke.swift in Sources */ = {isa = PBXBuildFile; fileRef = FAE87FAE260384F9005C5787 /* URLRequest-Joke.swift */; };
/* End PBXBuildFile section */

/* Begin PBXFileReference section */
		FADBA4E326049969008F672C /* AlertView.swift */ = {isa = PBXFileReference; lastKnownFileType = sourcecode.swift; path = AlertView.swift; sourceTree = "<group>"; };
		FADBA4E726049CCA008F672C /* CardView.swift */ = {isa = PBXFileReference; lastKnownFileType = sourcecode.swift; path = CardView.swift; sourceTree = "<group>"; };
		FADBA4EC26049EA3008F672C /* ProgressView.swift */ = {isa = PBXFileReference; lastKnownFileType = sourcecode.swift; path = ProgressView.swift; sourceTree = "<group>"; };
		FADBA4F62604A45E008F672C /* README.md */ = {isa = PBXFileReference; lastKnownFileType = net.daringfireball.markdown; path = README.md; sourceTree = "<group>"; };
		FADBA4FB2604A540008F672C /* LoadingState.swift */ = {isa = PBXFileReference; lastKnownFileType = sourcecode.swift; path = LoadingState.swift; sourceTree = "<group>"; };
		FAE87F882603774D005C5787 /* JokeFetcher.app */ = {isa = PBXFileReference; explicitFileType = wrapper.application; includeInIndex = 0; path = JokeFetcher.app; sourceTree = BUILT_PRODUCTS_DIR; };
		FAE87F8B2603774D005C5787 /* JokeFetcherApp.swift */ = {isa = PBXFileReference; lastKnownFileType = sourcecode.swift; path = JokeFetcherApp.swift; sourceTree = "<group>"; };
		FAE87F8D2603774D005C5787 /* ContentView.swift */ = {isa = PBXFileReference; lastKnownFileType = sourcecode.swift; path = ContentView.swift; sourceTree = "<group>"; };
		FAE87F8F2603774D005C5787 /* Assets.xcassets */ = {isa = PBXFileReference; lastKnownFileType = folder.assetcatalog; path = Assets.xcassets; sourceTree = "<group>"; };
		FAE87F922603774D005C5787 /* Preview Assets.xcassets */ = {isa = PBXFileReference; lastKnownFileType = folder.assetcatalog; path = "Preview Assets.xcassets"; sourceTree = "<group>"; };
		FAE87F942603774D005C5787 /* Info.plist */ = {isa = PBXFileReference; lastKnownFileType = text.plist.xml; path = Info.plist; sourceTree = "<group>"; };
		FAE87F9B26037766005C5787 /* Joke.swift */ = {isa = PBXFileReference; lastKnownFileType = sourcecode.swift; path = Joke.swift; sourceTree = "<group>"; };
		FAE87FA3260377E5005C5787 /* JokeFetcher.swift */ = {isa = PBXFileReference; lastKnownFileType = sourcecode.swift; path = JokeFetcher.swift; sourceTree = "<group>"; };
		FAE87FAA260382CA005C5787 /* URLSession-Resource.swift */ = {isa = PBXFileReference; lastKnownFileType = sourcecode.swift; path = "URLSession-Resource.swift"; sourceTree = "<group>"; };
		FAE87FAE260384F9005C5787 /* URLRequest-Joke.swift */ = {isa = PBXFileReference; lastKnownFileType = sourcecode.swift; path = "URLRequest-Joke.swift"; sourceTree = "<group>"; };
/* End PBXFileReference section */

/* Begin PBXFrameworksBuildPhase section */
		FAE87F852603774D005C5787 /* Frameworks */ = {
			isa = PBXFrameworksBuildPhase;
			buildActionMask = 2147483647;
			files = (
				FAE87FA826037942005C5787 /* CombineExtensions in Frameworks */,
			);
			runOnlyForDeploymentPostprocessing = 0;
		};
/* End PBXFrameworksBuildPhase section */

/* Begin PBXGroup section */
		FADBA4F32604A256008F672C /* Subviews */ = {
			isa = PBXGroup;
			children = (
				FADBA4EC26049EA3008F672C /* ProgressView.swift */,
				FADBA4E726049CCA008F672C /* CardView.swift */,
				FADBA4E326049969008F672C /* AlertView.swift */,
			);
			path = Subviews;
			sourceTree = "<group>";
		};
		FAE87F7F2603774D005C5787 = {
			isa = PBXGroup;
			children = (
				FADBA4F62604A45E008F672C /* README.md */,
				FAE87F8A2603774D005C5787 /* JokeFetcher */,
				FAE87F892603774D005C5787 /* Products */,
			);
			sourceTree = "<group>";
		};
		FAE87F892603774D005C5787 /* Products */ = {
			isa = PBXGroup;
			children = (
				FAE87F882603774D005C5787 /* JokeFetcher.app */,
			);
			name = Products;
			sourceTree = "<group>";
		};
		FAE87F8A2603774D005C5787 /* JokeFetcher */ = {
			isa = PBXGroup;
			children = (
				FAE87F9B26037766005C5787 /* Joke.swift */,
				FADBA4FB2604A540008F672C /* LoadingState.swift */,
				FAE87FA3260377E5005C5787 /* JokeFetcher.swift */,
				FAE87F8D2603774D005C5787 /* ContentView.swift */,
				FADBA4F32604A256008F672C /* Subviews */,
				FAE87FB226039841005C5787 /* Extensions */,
				FAE87F9E26037774005C5787 /* Supporting files */,
			);
			path = JokeFetcher;
			sourceTree = "<group>";
		};
		FAE87F912603774D005C5787 /* Preview Content */ = {
			isa = PBXGroup;
			children = (
				FAE87F922603774D005C5787 /* Preview Assets.xcassets */,
			);
			path = "Preview Content";
			sourceTree = "<group>";
		};
		FAE87F9E26037774005C5787 /* Supporting files */ = {
			isa = PBXGroup;
			children = (
				FAE87F8B2603774D005C5787 /* JokeFetcherApp.swift */,
				FAE87F8F2603774D005C5787 /* Assets.xcassets */,
				FAE87F942603774D005C5787 /* Info.plist */,
				FAE87F912603774D005C5787 /* Preview Content */,
			);
			path = "Supporting files";
			sourceTree = "<group>";
		};
		FAE87FB226039841005C5787 /* Extensions */ = {
			isa = PBXGroup;
			children = (
				FAE87FAA260382CA005C5787 /* URLSession-Resource.swift */,
				FAE87FAE260384F9005C5787 /* URLRequest-Joke.swift */,
			);
			path = Extensions;
			sourceTree = "<group>";
		};
/* End PBXGroup section */

/* Begin PBXNativeTarget section */
		FAE87F872603774D005C5787 /* JokeFetcher */ = {
			isa = PBXNativeTarget;
			buildConfigurationList = FAE87F972603774D005C5787 /* Build configuration list for PBXNativeTarget "JokeFetcher" */;
			buildPhases = (
				FAE87F842603774D005C5787 /* Sources */,
				FAE87F852603774D005C5787 /* Frameworks */,
				FAE87F862603774D005C5787 /* Resources */,
			);
			buildRules = (
			);
			dependencies = (
			);
			name = JokeFetcher;
			packageProductDependencies = (
				FAE87FA726037942005C5787 /* CombineExtensions */,
			);
			productName = JokeFetcher;
			productReference = FAE87F882603774D005C5787 /* JokeFetcher.app */;
			productType = "com.apple.product-type.application";
		};
/* End PBXNativeTarget section */

/* Begin PBXProject section */
		FAE87F802603774D005C5787 /* Project object */ = {
			isa = PBXProject;
			attributes = {
				LastSwiftUpdateCheck = 1240;
				LastUpgradeCheck = 1240;
				TargetAttributes = {
					FAE87F872603774D005C5787 = {
						CreatedOnToolsVersion = 12.4;
					};
				};
			};
			buildConfigurationList = FAE87F832603774D005C5787 /* Build configuration list for PBXProject "JokeFetcher" */;
			compatibilityVersion = "Xcode 9.3";
			developmentRegion = en;
			hasScannedForEncodings = 0;
			knownRegions = (
				en,
				Base,
			);
			mainGroup = FAE87F7F2603774D005C5787;
			packageReferences = (
				FAE87FA626037942005C5787 /* XCRemoteSwiftPackageReference "CombineExtensions" */,
			);
			productRefGroup = FAE87F892603774D005C5787 /* Products */;
			projectDirPath = "";
			projectRoot = "";
			targets = (
				FAE87F872603774D005C5787 /* JokeFetcher */,
			);
		};
/* End PBXProject section */

/* Begin PBXResourcesBuildPhase section */
		FAE87F862603774D005C5787 /* Resources */ = {
			isa = PBXResourcesBuildPhase;
			buildActionMask = 2147483647;
			files = (
				FADBA4F72604A45E008F672C /* README.md in Resources */,
				FAE87F932603774D005C5787 /* Preview Assets.xcassets in Resources */,
				FAE87F902603774D005C5787 /* Assets.xcassets in Resources */,
			);
			runOnlyForDeploymentPostprocessing = 0;
		};
/* End PBXResourcesBuildPhase section */

/* Begin PBXSourcesBuildPhase section */
		FAE87F842603774D005C5787 /* Sources */ = {
			isa = PBXSourcesBuildPhase;
			buildActionMask = 2147483647;
			files = (
				FAE87FAF260384F9005C5787 /* URLRequest-Joke.swift in Sources */,
				FAE87F8E2603774D005C5787 /* ContentView.swift in Sources */,
				FADBA4FC2604A540008F672C /* LoadingState.swift in Sources */,
				FADBA4E426049969008F672C /* AlertView.swift in Sources */,
				FAE87F8C2603774D005C5787 /* JokeFetcherApp.swift in Sources */,
				FAE87FAB260382CA005C5787 /* URLSession-Resource.swift in Sources */,
				FAE87FA4260377E5005C5787 /* JokeFetcher.swift in Sources */,
				FADBA4E826049CCA008F672C /* CardView.swift in Sources */,
				FAE87F9C26037766005C5787 /* Joke.swift in Sources */,
				FADBA4ED26049EA3008F672C /* ProgressView.swift in Sources */,
			);
			runOnlyForDeploymentPostprocessing = 0;
		};
/* End PBXSourcesBuildPhase section */

/* Begin XCBuildConfiguration section */
		FAE87F952603774D005C5787 /* Debug */ = {
			isa = XCBuildConfiguration;
			buildSettings = {
				ALWAYS_SEARCH_USER_PATHS = NO;
				CLANG_ANALYZER_NONNULL = YES;
				CLANG_ANALYZER_NUMBER_OBJECT_CONVERSION = YES_AGGRESSIVE;
				CLANG_CXX_LANGUAGE_STANDARD = "gnu++14";
				CLANG_CXX_LIBRARY = "libc++";
				CLANG_ENABLE_MODULES = YES;
				CLANG_ENABLE_OBJC_ARC = YES;
				CLANG_ENABLE_OBJC_WEAK = YES;
				CLANG_WARN_BLOCK_CAPTURE_AUTORELEASING = YES;
				CLANG_WARN_BOOL_CONVERSION = YES;
				CLANG_WARN_COMMA = YES;
				CLANG_WARN_CONSTANT_CONVERSION = YES;
				CLANG_WARN_DEPRECATED_OBJC_IMPLEMENTATIONS = YES;
				CLANG_WARN_DIRECT_OBJC_ISA_USAGE = YES_ERROR;
				CLANG_WARN_DOCUMENTATION_COMMENTS = YES;
				CLANG_WARN_EMPTY_BODY = YES;
				CLANG_WARN_ENUM_CONVERSION = YES;
				CLANG_WARN_INFINITE_RECURSION = YES;
				CLANG_WARN_INT_CONVERSION = YES;
				CLANG_WARN_NON_LITERAL_NULL_CONVERSION = YES;
				CLANG_WARN_OBJC_IMPLICIT_RETAIN_SELF = YES;
				CLANG_WARN_OBJC_LITERAL_CONVERSION = YES;
				CLANG_WARN_OBJC_ROOT_CLASS = YES_ERROR;
				CLANG_WARN_QUOTED_INCLUDE_IN_FRAMEWORK_HEADER = YES;
				CLANG_WARN_RANGE_LOOP_ANALYSIS = YES;
				CLANG_WARN_STRICT_PROTOTYPES = YES;
				CLANG_WARN_SUSPICIOUS_MOVE = YES;
				CLANG_WARN_UNGUARDED_AVAILABILITY = YES_AGGRESSIVE;
				CLANG_WARN_UNREACHABLE_CODE = YES;
				CLANG_WARN__DUPLICATE_METHOD_MATCH = YES;
				COPY_PHASE_STRIP = NO;
				DEBUG_INFORMATION_FORMAT = dwarf;
				ENABLE_STRICT_OBJC_MSGSEND = YES;
				ENABLE_TESTABILITY = YES;
				GCC_C_LANGUAGE_STANDARD = gnu11;
				GCC_DYNAMIC_NO_PIC = NO;
				GCC_NO_COMMON_BLOCKS = YES;
				GCC_OPTIMIZATION_LEVEL = 0;
				GCC_PREPROCESSOR_DEFINITIONS = (
					"DEBUG=1",
					"$(inherited)",
				);
				GCC_WARN_64_TO_32_BIT_CONVERSION = YES;
				GCC_WARN_ABOUT_RETURN_TYPE = YES_ERROR;
				GCC_WARN_UNDECLARED_SELECTOR = YES;
				GCC_WARN_UNINITIALIZED_AUTOS = YES_AGGRESSIVE;
				GCC_WARN_UNUSED_FUNCTION = YES;
				GCC_WARN_UNUSED_VARIABLE = YES;
				IPHONEOS_DEPLOYMENT_TARGET = 14.4;
				MTL_ENABLE_DEBUG_INFO = INCLUDE_SOURCE;
				MTL_FAST_MATH = YES;
				ONLY_ACTIVE_ARCH = YES;
				SDKROOT = iphoneos;
				SWIFT_ACTIVE_COMPILATION_CONDITIONS = DEBUG;
				SWIFT_OPTIMIZATION_LEVEL = "-Onone";
			};
			name = Debug;
		};
		FAE87F962603774D005C5787 /* Release */ = {
			isa = XCBuildConfiguration;
			buildSettings = {
				ALWAYS_SEARCH_USER_PATHS = NO;
				CLANG_ANALYZER_NONNULL = YES;
				CLANG_ANALYZER_NUMBER_OBJECT_CONVERSION = YES_AGGRESSIVE;
				CLANG_CXX_LANGUAGE_STANDARD = "gnu++14";
				CLANG_CXX_LIBRARY = "libc++";
				CLANG_ENABLE_MODULES = YES;
				CLANG_ENABLE_OBJC_ARC = YES;
				CLANG_ENABLE_OBJC_WEAK = YES;
				CLANG_WARN_BLOCK_CAPTURE_AUTORELEASING = YES;
				CLANG_WARN_BOOL_CONVERSION = YES;
				CLANG_WARN_COMMA = YES;
				CLANG_WARN_CONSTANT_CONVERSION = YES;
				CLANG_WARN_DEPRECATED_OBJC_IMPLEMENTATIONS = YES;
				CLANG_WARN_DIRECT_OBJC_ISA_USAGE = YES_ERROR;
				CLANG_WARN_DOCUMENTATION_COMMENTS = YES;
				CLANG_WARN_EMPTY_BODY = YES;
				CLANG_WARN_ENUM_CONVERSION = YES;
				CLANG_WARN_INFINITE_RECURSION = YES;
				CLANG_WARN_INT_CONVERSION = YES;
				CLANG_WARN_NON_LITERAL_NULL_CONVERSION = YES;
				CLANG_WARN_OBJC_IMPLICIT_RETAIN_SELF = YES;
				CLANG_WARN_OBJC_LITERAL_CONVERSION = YES;
				CLANG_WARN_OBJC_ROOT_CLASS = YES_ERROR;
				CLANG_WARN_QUOTED_INCLUDE_IN_FRAMEWORK_HEADER = YES;
				CLANG_WARN_RANGE_LOOP_ANALYSIS = YES;
				CLANG_WARN_STRICT_PROTOTYPES = YES;
				CLANG_WARN_SUSPICIOUS_MOVE = YES;
				CLANG_WARN_UNGUARDED_AVAILABILITY = YES_AGGRESSIVE;
				CLANG_WARN_UNREACHABLE_CODE = YES;
				CLANG_WARN__DUPLICATE_METHOD_MATCH = YES;
				COPY_PHASE_STRIP = NO;
				DEBUG_INFORMATION_FORMAT = "dwarf-with-dsym";
				ENABLE_NS_ASSERTIONS = NO;
				ENABLE_STRICT_OBJC_MSGSEND = YES;
				GCC_C_LANGUAGE_STANDARD = gnu11;
				GCC_NO_COMMON_BLOCKS = YES;
				GCC_WARN_64_TO_32_BIT_CONVERSION = YES;
				GCC_WARN_ABOUT_RETURN_TYPE = YES_ERROR;
				GCC_WARN_UNDECLARED_SELECTOR = YES;
				GCC_WARN_UNINITIALIZED_AUTOS = YES_AGGRESSIVE;
				GCC_WARN_UNUSED_FUNCTION = YES;
				GCC_WARN_UNUSED_VARIABLE = YES;
				IPHONEOS_DEPLOYMENT_TARGET = 14.4;
				MTL_ENABLE_DEBUG_INFO = NO;
				MTL_FAST_MATH = YES;
				SDKROOT = iphoneos;
				SWIFT_COMPILATION_MODE = wholemodule;
				SWIFT_OPTIMIZATION_LEVEL = "-O";
				VALIDATE_PRODUCT = YES;
			};
			name = Release;
		};
		FAE87F982603774D005C5787 /* Debug */ = {
			isa = XCBuildConfiguration;
			buildSettings = {
				ASSETCATALOG_COMPILER_APPICON_NAME = AppIcon;
				ASSETCATALOG_COMPILER_GLOBAL_ACCENT_COLOR_NAME = AccentColor;
				CODE_SIGN_STYLE = Automatic;
				DEVELOPMENT_ASSET_PATHS = "\"JokeFetcher/Supporting files/Preview Content\"";
				DEVELOPMENT_TEAM = "";
				ENABLE_PREVIEWS = YES;
				INFOPLIST_FILE = "JokeFetcher/Supporting files/Info.plist";
				IPHONEOS_DEPLOYMENT_TARGET = 14.0;
				LD_RUNPATH_SEARCH_PATHS = (
					"$(inherited)",
					"@executable_path/Frameworks",
				);
				PRODUCT_BUNDLE_IDENTIFIER = com.tonezone6.JokeFetcher;
				PRODUCT_NAME = "$(TARGET_NAME)";
				SWIFT_VERSION = 5.0;
				TARGETED_DEVICE_FAMILY = "1,2";
			};
			name = Debug;
		};
		FAE87F992603774D005C5787 /* Release */ = {
			isa = XCBuildConfiguration;
			buildSettings = {
				ASSETCATALOG_COMPILER_APPICON_NAME = AppIcon;
				ASSETCATALOG_COMPILER_GLOBAL_ACCENT_COLOR_NAME = AccentColor;
				CODE_SIGN_STYLE = Automatic;
				DEVELOPMENT_ASSET_PATHS = "\"JokeFetcher/Supporting files/Preview Content\"";
				DEVELOPMENT_TEAM = "";
				ENABLE_PREVIEWS = YES;
				INFOPLIST_FILE = "JokeFetcher/Supporting files/Info.plist";
				IPHONEOS_DEPLOYMENT_TARGET = 14.0;
				LD_RUNPATH_SEARCH_PATHS = (
					"$(inherited)",
					"@executable_path/Frameworks",
				);
				PRODUCT_BUNDLE_IDENTIFIER = com.tonezone6.JokeFetcher;
				PRODUCT_NAME = "$(TARGET_NAME)";
				SWIFT_VERSION = 5.0;
				TARGETED_DEVICE_FAMILY = "1,2";
			};
			name = Release;
		};
/* End XCBuildConfiguration section */

/* Begin XCConfigurationList section */
		FAE87F832603774D005C5787 /* Build configuration list for PBXProject "JokeFetcher" */ = {
			isa = XCConfigurationList;
			buildConfigurations = (
				FAE87F952603774D005C5787 /* Debug */,
				FAE87F962603774D005C5787 /* Release */,
			);
			defaultConfigurationIsVisible = 0;
			defaultConfigurationName = Release;
		};
		FAE87F972603774D005C5787 /* Build configuration list for PBXNativeTarget "JokeFetcher" */ = {
			isa = XCConfigurationList;
			buildConfigurations = (
				FAE87F982603774D005C5787 /* Debug */,
				FAE87F992603774D005C5787 /* Release */,
			);
			defaultConfigurationIsVisible = 0;
			defaultConfigurationName = Release;
		};
/* End XCConfigurationList section */

/* Begin XCRemoteSwiftPackageReference section */
		FAE87FA626037942005C5787 /* XCRemoteSwiftPackageReference "CombineExtensions" */ = {
			isa = XCRemoteSwiftPackageReference;
			repositoryURL = "https://github.com/tonezone6/CombineExtensions.git";
			requirement = {
				branch = main;
				kind = branch;
			};
		};
/* End XCRemoteSwiftPackageReference section */

/* Begin XCSwiftPackageProductDependency section */
		FAE87FA726037942005C5787 /* CombineExtensions */ = {
			isa = XCSwiftPackageProductDependency;
			package = FAE87FA626037942005C5787 /* XCRemoteSwiftPackageReference "CombineExtensions" */;
			productName = CombineExtensions;
		};
/* End XCSwiftPackageProductDependency section */
	};
	rootObject = FAE87F802603774D005C5787 /* Project object */;
}
